
Microsoft Visual Studio Solution File, Format Version 12.00
# Visual Studio 15
VisualStudioVersion = 15.0.28307.1145
MinimumVisualStudioVersion = 10.0.40219.1
Project("{8BC9CEB8-8B4A-11D0-8D11-00A0C91BC942}") = "C_Test", "C_Test\C_Test.vcxproj", "{C0BD9285-23B6-4759-A890-0F7F7B36F6A2}"
EndProject
Global
	GlobalSection(SolutionConfigurationPlatforms) = preSolution
		Debug|x64 = Debug|x64
		Debug|x86 = Debug|x86
		Release|x64 = Release|x64
		Release|x86 = Release|x86
	EndGlobalSection
	GlobalSection(ProjectConfigurationPlatforms) = postSolution
		{C0BD9285-23B6-4759-A890-0F7F7B36F6A2}.Debug|x64.ActiveCfg = Debug|x64
		{C0BD9285-23B6-4759-A890-0F7F7B36F6A2}.Debug|x64.Build.0 = Debug|x64
		{C0BD9285-23B6-4759-A890-0F7F7B36F6A2}.Debug|x86.ActiveCfg = Debug|Win32
		{C0BD9285-23B6-4759-A890-0F7F7B36F6A2}.Debug|x86.Build.0 = Debug|Win32
		{C0BD9285-23B6-4759-A890-0F7F7B36F6A2}.Release|x64.ActiveCfg = Release|x64
		{C0BD9285-23B6-4759-A890-0F7F7B36F6A2}.Release|x64.Build.0 = Release|x64
		{C0BD9285-23B6-4759-A890-0F7F7B36F6A2}.Release|x86.ActiveCfg = Release|Win32
		{C0BD9285-23B6-4759-A890-0F7F7B36F6A2}.Release|x86.Build.0 = Release|Win32
	EndGlobalSection
	GlobalSection(SolutionProperties) = preSolution
		HideSolutionNode = FALSE
	EndGlobalSection
	GlobalSection(ExtensibilityGlobals) = postSolution
		SolutionGuid = {7145A0A0-DCDE-4D4A-8754-F1808CE28687}
	EndGlobalSection
EndGlobal
